Microsoft Visual Studio Solution File, Format Version 12.00
# Visual Studio Version 16
VisualStudioVersion = 16.0.30114.105
MinimumVisualStudioVersion = 10.0.40219.1
Project("{2150E333-8FDC-42A3-9474-1A3956D46DE8}") = "src", "src", "{D725E4D5-E38C-49B2-8E1F-A227701B8406}"
EndProject
Project("{9A19103F-16F7-4668-BE54-9A1E7A4F7556}") = "WebApi", "src\WebApi\WebApi.csproj", "{44A6370E-CBAE-4EA5-9FB4-1F172F2EA3CB}"
EndProject
Global
	GlobalSection(SolutionConfigurationPlatforms) = preSolution
		Debug|Any CPU = Debug|Any CPU
		Debug|x64 = Debug|x64
		Debug|x86 = Debug|x86
		Release|Any CPU = Release|Any CPU
		Release|x64 = Release|x64
		Release|x86 = Release|x86
	EndGlobalSection
	GlobalSection(ProjectConfigurationPlatforms) = postSolution
		{44A6370E-CBAE-4EA5-9FB4-1F172F2EA3CB}.Debug|Any CPU.ActiveCfg = Debug|Any CPU
		{44A6370E-CBAE-4EA5-9FB4-1F172F2EA3CB}.Debug|Any CPU.Build.0 = Debug|Any CPU
		{44A6370E-CBAE-4EA5-9FB4-1F172F2EA3CB}.Debug|x64.ActiveCfg = Debug|Any CPU
		{44A6370E-CBAE-4EA5-9FB4-1F172F2EA3CB}.Debug|x64.Build.0 = Debug|Any CPU
		{44A6370E-CBAE-4EA5-9FB4-1F172F2EA3CB}.Debug|x86.ActiveCfg = Debug|Any CPU
		{44A6370E-CBAE-4EA5-9FB4-1F172F2EA3CB}.Debug|x86.Build.0 = Debug|Any CPU
		{44A6370E-CBAE-4EA5-9FB4-1F172F2EA3CB}.Release|Any CPU.ActiveCfg = Release|Any CPU
		{44A6370E-CBAE-4EA5-9FB4-1F172F2EA3CB}.Release|Any CPU.Build.0 = Release|Any CPU
		{44A6370E-CBAE-4EA5-9FB4-1F172F2EA3CB}.Release|x64.ActiveCfg = Release|Any CPU
		{44A6370E-CBAE-4EA5-9FB4-1F172F2EA3CB}.Release|x64.Build.0 = Release|Any CPU
		{44A6370E-CBAE-4EA5-9FB4-1F172F2EA3CB}.Release|x86.ActiveCfg = Release|Any CPU
		{44A6370E-CBAE-4EA5-9FB4-1F172F2EA3CB}.Release|x86.Build.0 = Release|Any CPU
	EndGlobalSection
	GlobalSection(SolutionProperties) = preSolution
		HideSolutionNode = FALSE
	EndGlobalSection
	GlobalSection(NestedProjects) = preSolution
		{44A6370E-CBAE-4EA5-9FB4-1F172F2EA3CB} = {D725E4D5-E38C-49B2-8E1F-A227701B8406}
	EndGlobalSection
	GlobalSection(ExtensibilityGlobals) = postSolution
		SolutionGuid = {43A08E9E-34CE-430B-831E-7B51068F73DC}
	EndGlobalSection
EndGlobal
